
Microsoft Visual Studio Solution File, Format Version 12.00
# Visual Studio Version 17
VisualStudioVersion = 17.2.32516.85
MinimumVisualStudioVersion = 10.0.40219.1
Project("{FAE04EC0-301F-11D3-BF4B-00C04F79EFBC}") = "VoyTextAnalyzer 010 014", "Sorgenti\VoyTextAnalyzer 010 014.csproj", "{1B3577EB-ABBD-432F-84DE-A426C7359C0F}"
EndProject
Global
	GlobalSection(SolutionConfigurationPlatforms) = preSolution
		Debug|Any CPU = Debug|Any CPU
		Release|Any CPU = Release|Any CPU
	EndGlobalSection
	GlobalSection(ProjectConfigurationPlatforms) = postSolution
		{1B3577EB-ABBD-432F-84DE-A426C7359C0F}.Debug|Any CPU.ActiveCfg = Debug|Any CPU
		{1B3577EB-ABBD-432F-84DE-A426C7359C0F}.Debug|Any CPU.Build.0 = Debug|Any CPU
		{1B3577EB-ABBD-432F-84DE-A426C7359C0F}.Release|Any CPU.ActiveCfg = Release|Any CPU
		{1B3577EB-ABBD-432F-84DE-A426C7359C0F}.Release|Any CPU.Build.0 = Release|Any CPU
	EndGlobalSection
	GlobalSection(SolutionProperties) = preSolution
		HideSolutionNode = FALSE
	EndGlobalSection
	GlobalSection(ExtensibilityGlobals) = postSolution
		SolutionGuid = {6D6DE3A1-6F5A-400E-841E-C217C1830EF3}
	EndGlobalSection
EndGlobal
